version = 1
requires-python = ">=3.13"
resolution-markers = [
    "sys_platform == 'darwin'",
    "platform_machine == 'aarch64' and sys_platform == 'linux'",
    "(platform_machine != 'aarch64' and sys_platform == 'linux') or (sys_platform != 'darwin' and sys_platform != 'linux')",
]

[[package]]
name = "adafruit-blinka"
version = "8.51.0"
source = { registry = "https://pypi.org/simple" }
dependencies = [
    { name = "adafruit-circuitpython-typing" },
    { name = "adafruit-platformdetect" },
    { name = "adafruit-pureio" },
    { name = "binho-host-adapter" },
    { name = "pyftdi" },
    { name = "sysv-ipc", marker = "platform_machine != 'mips' and sys_platform == 'linux'" },
]
sdist = { url = "https://files.pythonhosted.org/packages/2c/5b/5083c60638c3fa3f8307d5d56e724908edc7f29079807d9161837eba5eb0/adafruit_blinka-8.51.0.tar.gz", hash = "sha256:844f15be775ee5c418446969a427c5a3847928e644f2b1a35542acff5b208f3a", size = 249212 }
wheels = [
    { url = "https://files.pythonhosted.org/packages/29/78/1325d33bd9bc7270124d1e8315a226e42a7dd195543a78e775be69daa2ed/Adafruit_Blinka-8.51.0-py3-none-any.whl", hash = "sha256:f01635f4fb5c5255167dea5c0b8feb20cc162f8e8d0140696e236796f897a834", size = 364720 },
]

[[package]]
name = "adafruit-circuitpython-busdevice"
version = "5.2.11"
source = { registry = "https://pypi.org/simple" }
dependencies = [
    { name = "adafruit-blinka" },
    { name = "adafruit-circuitpython-typing" },
]
sdist = { url = "https://files.pythonhosted.org/packages/a2/c0/f6347ab32f077413c20f55bc4b0f1592f35affd4d26753394c5ed6c36c4c/adafruit_circuitpython_busdevice-5.2.11.tar.gz", hash = "sha256:a9a1310bee7021703ccc247bb3ff04d0873573948a6c7bee9016361cd6707a71", size = 27627 }
wheels = [
    { url = "https://files.pythonhosted.org/packages/e0/c7/9f0e2b2674cb5b1fb35d067a7585a2a76596a36044264eb390980d428ccf/adafruit_circuitpython_busdevice-5.2.11-py3-none-any.whl", hash = "sha256:d4379c9ae86a15f7044dea815a94525ca9eda6a7c0b2fa0e75cf9e700c9384b8", size = 7539 },
]

[[package]]
name = "adafruit-circuitpython-connectionmanager"
version = "3.1.3"
source = { registry = "https://pypi.org/simple" }
dependencies = [
    { name = "adafruit-blinka" },
]
sdist = { url = "https://files.pythonhosted.org/packages/69/8b/8316002905f97a7f7e9c3a53dd9bb5a17889033ec55c403a6e55077f6298/adafruit_circuitpython_connectionmanager-3.1.3.tar.gz", hash = "sha256:0f133bdedf454ede0c0a866ed605fe166cc85f75cfcea74758e3622ae403e5f9", size = 37381 }
wheels = [
    { url = "https://files.pythonhosted.org/packages/55/7d/896b31bd31eff89e5cab5d3acec9d3d34f5a0654ceab25e01865e628d9f9/adafruit_circuitpython_connectionmanager-3.1.3-py3-none-any.whl", hash = "sha256:9df3a4c617dae27bad1ac8607f1a084312c8498d831ebe1c6a2c8d5cb309daea", size = 7811 },
]

[[package]]
name = "adafruit-circuitpython-motor"
version = "3.4.15"
source = { registry = "https://pypi.org/simple" }
dependencies = [
    { name = "adafruit-blinka" },
    { name = "adafruit-circuitpython-typing" },
]
sdist = { url = "https://files.pythonhosted.org/packages/6a/37/63ea22d53d7a861c51169f56a1cc471fd00bfa3e7a127c71d7773b492652/adafruit_circuitpython_motor-3.4.15.tar.gz", hash = "sha256:8c9f618126963570d77fae617faedd5136d29541c1a586a48259cfe711066e5c", size = 34358 }
wheels = [
    { url = "https://files.pythonhosted.org/packages/2f/61/8a8372345ecbaec43c924306341a54f76be24705836fcd6fe1908d766044/adafruit_circuitpython_motor-3.4.15-py3-none-any.whl", hash = "sha256:2c64a6108be3e6223633b8235f59828ae718526e02d05206bf138b764955a61b", size = 10966 },
]

[[package]]
name = "adafruit-circuitpython-pca9685"
version = "3.4.17"
source = { registry = "https://pypi.org/simple" }
dependencies = [
    { name = "adafruit-blinka" },
    { name = "adafruit-circuitpython-busdevice" },
    { name = "adafruit-circuitpython-register" },
]
sdist = { url = "https://files.pythonhosted.org/packages/6b/21/83f6d7925945fd06ce317b308ed176cde52bf82752215328914ba04c73c9/adafruit_circuitpython_pca9685-3.4.17.tar.gz", hash = "sha256:8ba62b7ba0ef7839d8c4877abda0d88ad8bba80fff828be22cf6a39ed55b2e19", size = 28188 }
wheels = [
    { url = "https://files.pythonhosted.org/packages/85/71/af89adc4dc05308258b4625091b4e2894245926f1f72998e4f101c3444e1/adafruit_circuitpython_pca9685-3.4.17-py3-none-any.whl", hash = "sha256:013e5482db6fb208169525ec5e4d77884fe84f5677ab5c6ec99560d902607e80", size = 6007 },
]

[[package]]
name = "adafruit-circuitpython-register"
version = "1.10.2"
source = { registry = "https://pypi.org/simple" }
dependencies = [
    { name = "adafruit-blinka" },
    { name = "adafruit-circuitpython-busdevice" },
    { name = "adafruit-circuitpython-typing" },
    { name = "typing-extensions" },
]
sdist = { url = "https://files.pythonhosted.org/packages/70/d5/62e353c8e946afd0de0719161fc3155525d3f63683bf9af78f84062e881e/adafruit_circuitpython_register-1.10.2.tar.gz", hash = "sha256:68e1899351b186f007b26326d01e4c5ed68187b50c059e1e414b53248f80053d", size = 32737 }
wheels = [
    { url = "https://files.pythonhosted.org/packages/8b/20/8a5c2fde67638309082a78a928076c6f56ede9b83fa1724069d1817a4872/adafruit_circuitpython_register-1.10.2-py3-none-any.whl", hash = "sha256:2c4fc4261895b669994b9eebb7972a8e31dc0f6971a3847fbbbaa899f0c668eb", size = 14978 },
]

[[package]]
name = "adafruit-circuitpython-requests"
version = "4.1.9"
source = { registry = "https://pypi.org/simple" }
dependencies = [
    { name = "adafruit-blinka" },
    { name = "adafruit-circuitpython-connectionmanager" },
]
sdist = { url = "https://files.pythonhosted.org/packages/6a/45/070129e6b77f801514cd974524c6b9fd502aa04dd5c2e45ab03e85c96cac/adafruit_circuitpython_requests-4.1.9.tar.gz", hash = "sha256:b9eeb252b43946f1a90c34ca8844e07bb1e01cd210c927f561d0e10b97c5ff9d", size = 66232 }
wheels = [
    { url = "https://files.pythonhosted.org/packages/b7/40/ff356fd61ef3ea044b7944687d62419c304217381ee20d9fa444aeb98339/adafruit_circuitpython_requests-4.1.9-py3-none-any.whl", hash = "sha256:d0f0a899c6ef143eab9a50a9625be43f5f8da7b9688c1496891999fa20107c93", size = 10721 },
]

[[package]]
name = "adafruit-circuitpython-servokit"
version = "1.3.19"
source = { registry = "https://pypi.org/simple" }
dependencies = [
    { name = "adafruit-blinka" },
    { name = "adafruit-circuitpython-busdevice" },
    { name = "adafruit-circuitpython-motor" },
    { name = "adafruit-circuitpython-pca9685" },
    { name = "adafruit-circuitpython-register" },
]
sdist = { url = "https://files.pythonhosted.org/packages/26/46/8d3bd1298e2bf2014ff8f761eba41582af7246bd76253dc775380fbc1a94/adafruit_circuitpython_servokit-1.3.19.tar.gz", hash = "sha256:e65b9378060469184238ade7bc9735ff4cd7cb63ca48aa1c34c886a95dbf9574", size = 27072 }
wheels = [
    { url = "https://files.pythonhosted.org/packages/78/41/91fc3d2bf82b28c874c3c2de1fe26e2e5598a979e55a4d03eb6a1dda59c5/adafruit_circuitpython_servokit-1.3.19-py3-none-any.whl", hash = "sha256:77e2f2466e01ff87cc3594a922ed3771dc1309836c70be35f2ab0430bc0f3ef3", size = 5683 },
]

[[package]]
name = "adafruit-circuitpython-typing"
version = "1.11.2"
source = { registry = "https://pypi.org/simple" }
dependencies = [
    { name = "adafruit-blinka" },
    { name = "adafruit-circuitpython-busdevice" },
    { name = "adafruit-circuitpython-requests" },
    { name = "typing-extensions" },
]
sdist = { url = "https://files.pythonhosted.org/packages/24/80/8c280fa7d42a23dce40b2fe64f708d18fa32b384adbf6934955d2c2ebecf/adafruit_circuitpython_typing-1.11.2.tar.gz", hash = "sha256:c7ac8532a9ad7e4a65d5588764b7483c0b6967d305c37faebcc0c5356d677e33", size = 29277 }
wheels = [
    { url = "https://files.pythonhosted.org/packages/dd/d5/76a6bca9cf08907b48dfc8ccbccbd190155353f521876e02d6b7bb244003/adafruit_circuitpython_typing-1.11.2-py3-none-any.whl", hash = "sha256:e1401a09bbfdf67e43875cc6755b3af0eda8381b12c9c8f759bd7676b7425e1c", size = 11101 },
]

[[package]]
name = "adafruit-platformdetect"
version = "3.77.0"
source = { registry = "https://pypi.org/simple" }
sdist = { url = "https://files.pythonhosted.org/packages/6b/4e/2b2ca031227de47e2aab6cf092b78934c9c0033a685075ddab3e0c0b55fe/adafruit_platformdetect-3.77.0.tar.gz", hash = "sha256:adce6386059637e92b4cb5d3430d016119cd3eb19f9276920c54515f3d798949", size = 48024 }
wheels = [
    { url = "https://files.pythonhosted.org/packages/30/18/b18e9ff2aee42f03082675c5d18d4eb02411477e07c86d74833d3396792e/Adafruit_PlatformDetect-3.77.0-py3-none-any.whl", hash = "sha256:93f599c21e7db2d92bc32ac69ba5063876404c4af87d11358863e62f407409be", size = 25542 },
]

[[package]]
name = "adafruit-pureio"
version = "1.1.11"
source = { registry = "https://pypi.org/simple" }
sdist = { url = "https://files.pythonhosted.org/packages/e5/b7/f1672435116822079bbdab42163f9e6424769b7db778873d95d18c085230/Adafruit_PureIO-1.1.11.tar.gz", hash = "sha256:c4cfbb365731942d1f1092a116f47dfdae0aef18c5b27f1072b5824ad5ea8c7c", size = 35511 }
wheels = [
    { url = "https://files.pythonhosted.org/packages/19/9d/28e9d12f36e13c5f2acba3098187b0e931290ecd1d8df924391b5ad2db19/Adafruit_PureIO-1.1.11-py3-none-any.whl", hash = "sha256:281ab2099372cc0decc26326918996cbf21b8eed694ec4764d51eefa029d324e", size = 10678 },
]

[[package]]
name = "attrs"
version = "25.1.0"
source = { registry = "https://pypi.org/simple" }
sdist = { url = "https://files.pythonhosted.org/packages/49/7c/fdf464bcc51d23881d110abd74b512a42b3d5d376a55a831b44c603ae17f/attrs-25.1.0.tar.gz", hash = "sha256:1c97078a80c814273a76b2a298a932eb681c87415c11dee0a6921de7f1b02c3e", size = 810562 }
wheels = [
    { url = "https://files.pythonhosted.org/packages/fc/30/d4986a882011f9df997a55e6becd864812ccfcd821d64aac8570ee39f719/attrs-25.1.0-py3-none-any.whl", hash = "sha256:c75a69e28a550a7e93789579c22aa26b0f5b83b75dc4e08fe092980051e1090a", size = 63152 },
]

[[package]]
name = "av"
version = "14.1.0"
source = { registry = "https://pypi.org/simple" }
sdist = { url = "https://files.pythonhosted.org/packages/c1/8c/8551a53c713424aff5ae1600f17f7407e64761d4eca8854013ee15f2c090/av-14.1.0.tar.gz", hash = "sha256:81a0185af0237016049c2b1560d51d5895ef56763ea7ebab939baa7b6b87e6f7", size = 4049387 }
wheels = [
    { url = "https://files.pythonhosted.org/packages/f9/1e/8643dee1647e7714dc2e34ab8717203037080f3a37a9f82c5a8efc180a24/av-14.1.0-cp313-cp313-macosx_11_0_arm64.whl", hash = "sha256:012fb4d08576432b155a8da8d2012a40fb7d7efa63bf117d669ea06ec75cb9a7", size = 22052107 },
    { url = "https://files.pythonhosted.org/packages/2b/3f/2ff3a1f580df369157029029992cce59f826042e02448613083f9f530137/av-14.1.0-cp313-cp313-macosx_11_0_x86_64.whl", hash = "sha256:6ac867ab34b9cfbf3ccdd3f497aaddcbb04cb34f17cf710c8db60cae8d7f1ad7", size = 27445950 },
    { url = "https://files.pythonhosted.org/packages/fa/f8/97eb396a2fbd8af26ff73240a2b0b68a848766958847c99c06d5167dabc0/av-14.1.0-cp313-cp313-manylinux_2_17_aarch64.manylinux2014_aarch64.whl", hash = "sha256:5a251c73ed28e8b172b5b67117e0248c4d81526ee8ab1d4792f2060c0114b846", size = 37242905 },
    { url = "https://files.pythonhosted.org/packages/99/8b/71e2e6c943f4a784d675190d8be9df531026989259a36aae7b1049771079/av-14.1.0-cp313-cp313-manylinux_2_17_i686.manylinux2014_i686.whl", hash = "sha256:f110133c762f310e03f101986ca16f81c5bda80a839969dddeb0c400f8a73c8d", size = 35578890 },
    { url = "https://files.pythonhosted.org/packages/a8/f8/e888e7a583e2dbe12bb710ae4474e189b86b399cdb380ab1e9a311cd9959/av-14.1.0-cp313-cp313-manylinux_2_17_x86_64.manylinux2014_x86_64.whl", hash = "sha256:222303728d59edfbc241d7e944d5479d3bdfe98d33574a5e60aa7a23d54568fa", size = 39539552 },
    { url = "https://files.pythonhosted.org/packages/3d/6a/a111a144ca52b67e0553437185f081cbe62bec0d7211ff38d33665985ff5/av-14.1.0-cp313-cp313-win_amd64.whl", hash = "sha256:f59d91f2dad90683db55c66e98113bb28a87f4e113eec103756d51ad05db3d8a", size = 30595292 },
]

[[package]]
name = "binho-host-adapter"
version = "0.1.6"
source = { registry = "https://pypi.org/simple" }
dependencies = [
    { name = "pyserial" },
]
sdist = { url = "https://files.pythonhosted.org/packages/68/36/29b7b896e83e195fac6d64ccff95c0f24a18ee86e7437a22e60e0331d90a/binho-host-adapter-0.1.6.tar.gz", hash = "sha256:1e6da7a84e208c13b5f489066f05774bff1d593d0f5bf1ca149c2b8e83eae856", size = 10068 }
wheels = [
    { url = "https://files.pythonhosted.org/packages/7b/6b/0f13486003aea3eb349c2946b7ec9753e7558b78e35d22c938062a96959c/binho_host_adapter-0.1.6-py3-none-any.whl", hash = "sha256:f71ca176c1e2fc1a5dce128beb286da217555c6c7c805f2ed282a6f3507ec277", size = 10540 },
]

[[package]]
name = "colorama"
version = "0.4.6"
source = { registry = "https://pypi.org/simple" }
sdist = { url = "https://files.pythonhosted.org/packages/d8/53/6f443c9a4a8358a93a6792e2acffb9d9d5cb0a5cfd8802644b7b1c9a02e4/colorama-0.4.6.tar.gz", hash = "sha256:08695f5cb7ed6e0531a20572697297273c47b8cae5a63ffc6d6ed5c201be6e44", size = 27697 }
wheels = [
    { url = "https://files.pythonhosted.org/packages/d1/d6/3965ed04c63042e047cb6a3e6ed1a63a35087b6a609aa3a15ed8ac56c221/colorama-0.4.6-py2.py3-none-any.whl", hash = "sha256:4f1d9991f5acc0ca119f9d443620b77f9d6b33703e51011c16baf57afb285fc6", size = 25335 },
]

[[package]]
name = "jsonschema"
version = "4.23.0"
source = { registry = "https://pypi.org/simple" }
dependencies = [
    { name = "attrs" },
    { name = "jsonschema-specifications" },
    { name = "referencing" },
    { name = "rpds-py" },
]
sdist = { url = "https://files.pythonhosted.org/packages/38/2e/03362ee4034a4c917f697890ccd4aec0800ccf9ded7f511971c75451deec/jsonschema-4.23.0.tar.gz", hash = "sha256:d71497fef26351a33265337fa77ffeb82423f3ea21283cd9467bb03999266bc4", size = 325778 }
wheels = [
    { url = "https://files.pythonhosted.org/packages/69/4a/4f9dbeb84e8850557c02365a0eee0649abe5eb1d84af92a25731c6c0f922/jsonschema-4.23.0-py3-none-any.whl", hash = "sha256:fbadb6f8b144a8f8cf9f0b89ba94501d143e50411a1278633f56a7acf7fd5566", size = 88462 },
]

[[package]]
name = "jsonschema-specifications"
version = "2024.10.1"
source = { registry = "https://pypi.org/simple" }
dependencies = [
    { name = "referencing" },
]
sdist = { url = "https://files.pythonhosted.org/packages/10/db/58f950c996c793472e336ff3655b13fbcf1e3b359dcf52dcf3ed3b52c352/jsonschema_specifications-2024.10.1.tar.gz", hash = "sha256:0f38b83639958ce1152d02a7f062902c41c8fd20d558b0c34344292d417ae272", size = 15561 }
wheels = [
    { url = "https://files.pythonhosted.org/packages/d1/0f/8910b19ac0670a0f80ce1008e5e751c4a57e14d2c4c13a482aa6079fa9d6/jsonschema_specifications-2024.10.1-py3-none-any.whl", hash = "sha256:a09a0680616357d9a0ecf05c12ad234479f549239d0f5b55f3deea67475da9bf", size = 18459 },
]

[[package]]
name = "libarchive-c"
version = "5.1"
source = { registry = "https://pypi.org/simple" }
sdist = { url = "https://files.pythonhosted.org/packages/a0/f9/3b6cd86e683a06bc28b9c2e1d9fe0bd7215f2750fd5c85dce0df96db8eca/libarchive-c-5.1.tar.gz", hash = "sha256:7bcce24ea6c0fa3bc62468476c6d2f6264156db2f04878a372027c10615a2721", size = 52279 }
wheels = [
    { url = "https://files.pythonhosted.org/packages/52/06/91c67ab53397021c925fe98f33f72b0ba10edbac5ae11d60543f8ca078c6/libarchive_c-5.1-py2.py3-none-any.whl", hash = "sha256:8f23af20ef28503223284ec20ec7b695b0d88337c937aec62152a6953ed33a5a", size = 15681 },
]

[[package]]
name = "numpy"
version = "2.2.2"
source = { registry = "https://pypi.org/simple" }
sdist = { url = "https://files.pythonhosted.org/packages/ec/d0/c12ddfd3a02274be06ffc71f3efc6d0e457b0409c4481596881e748cb264/numpy-2.2.2.tar.gz", hash = "sha256:ed6906f61834d687738d25988ae117683705636936cc605be0bb208b23df4d8f", size = 20233295 }
wheels = [
    { url = "https://files.pythonhosted.org/packages/e1/fe/df5624001f4f5c3e0b78e9017bfab7fdc18a8d3b3d3161da3d64924dd659/numpy-2.2.2-cp313-cp313-macosx_10_13_x86_64.whl", hash = "sha256:b208cfd4f5fe34e1535c08983a1a6803fdbc7a1e86cf13dd0c61de0b51a0aadc", size = 20899188 },
    { url = "https://files.pythonhosted.org/packages/a9/80/d349c3b5ed66bd3cb0214be60c27e32b90a506946857b866838adbe84040/numpy-2.2.2-cp313-cp313-macosx_11_0_arm64.whl", hash = "sha256:d0bbe7dd86dca64854f4b6ce2ea5c60b51e36dfd597300057cf473d3615f2369", size = 14113972 },
    { url = "https://files.pythonhosted.org/packages/9d/50/949ec9cbb28c4b751edfa64503f0913cbfa8d795b4a251e7980f13a8a655/numpy-2.2.2-cp313-cp313-macosx_14_0_arm64.whl", hash = "sha256:22ea3bb552ade325530e72a0c557cdf2dea8914d3a5e1fecf58fa5dbcc6f43cd", size = 5114294 },
    { url = "https://files.pythonhosted.org/packages/8d/f3/399c15629d5a0c68ef2aa7621d430b2be22034f01dd7f3c65a9c9666c445/numpy-2.2.2-cp313-cp313-macosx_14_0_x86_64.whl", hash = "sha256:128c41c085cab8a85dc29e66ed88c05613dccf6bc28b3866cd16050a2f5448be", size = 6648426 },
    { url = "https://files.pythonhosted.org/packages/2c/03/c72474c13772e30e1bc2e558cdffd9123c7872b731263d5648b5c49dd459/numpy-2.2.2-cp313-cp313-manylinux_2_17_aarch64.manylinux2014_aarch64.whl", hash = "sha256:250c16b277e3b809ac20d1f590716597481061b514223c7badb7a0f9993c7f84", size = 14045990 },
    { url = "https://files.pythonhosted.org/packages/83/9c/96a9ab62274ffafb023f8ee08c88d3d31ee74ca58869f859db6845494fa6/numpy-2.2.2-cp313-cp313-manylinux_2_17_x86_64.manylinux2014_x86_64.whl", hash = "sha256:e0c8854b09bc4de7b041148d8550d3bd712b5c21ff6a8ed308085f190235d7ff", size = 16096614 },
    { url = "https://files.pythonhosted.org/packages/d5/34/cd0a735534c29bec7093544b3a509febc9b0df77718a9b41ffb0809c9f46/numpy-2.2.2-cp313-cp313-musllinux_1_2_aarch64.whl", hash = "sha256:b6fb9c32a91ec32a689ec6410def76443e3c750e7cfc3fb2206b985ffb2b85f0", size = 15242123 },
    { url = "https://files.pythonhosted.org/packages/5e/6d/541717a554a8f56fa75e91886d9b79ade2e595918690eb5d0d3dbd3accb9/numpy-2.2.2-cp313-cp313-musllinux_1_2_x86_64.whl", hash = "sha256:57b4012e04cc12b78590a334907e01b3a85efb2107df2b8733ff1ed05fce71de", size = 17859160 },
    { url = "https://files.pythonhosted.org/packages/b9/a5/fbf1f2b54adab31510728edd06a05c1b30839f37cf8c9747cb85831aaf1b/numpy-2.2.2-cp313-cp313-win32.whl", hash = "sha256:4dbd80e453bd34bd003b16bd802fac70ad76bd463f81f0c518d1245b1c55e3d9", size = 6273337 },
    { url = "https://files.pythonhosted.org/packages/56/e5/01106b9291ef1d680f82bc47d0c5b5e26dfed15b0754928e8f856c82c881/numpy-2.2.2-cp313-cp313-win_amd64.whl", hash = "sha256:5a8c863ceacae696aff37d1fd636121f1a512117652e5dfb86031c8d84836369", size = 12609010 },
    { url = "https://files.pythonhosted.org/packages/9f/30/f23d9876de0f08dceb707c4dcf7f8dd7588266745029debb12a3cdd40be6/numpy-2.2.2-cp313-cp313t-macosx_10_13_x86_64.whl", hash = "sha256:b3482cb7b3325faa5f6bc179649406058253d91ceda359c104dac0ad320e1391", size = 20924451 },
    { url = "https://files.pythonhosted.org/packages/6a/ec/6ea85b2da9d5dfa1dbb4cb3c76587fc8ddcae580cb1262303ab21c0926c4/numpy-2.2.2-cp313-cp313t-macosx_11_0_arm64.whl", hash = "sha256:9491100aba630910489c1d0158034e1c9a6546f0b1340f716d522dc103788e39", size = 14122390 },
    { url = "https://files.pythonhosted.org/packages/68/05/bfbdf490414a7dbaf65b10c78bc243f312c4553234b6d91c94eb7c4b53c2/numpy-2.2.2-cp313-cp313t-macosx_14_0_arm64.whl", hash = "sha256:41184c416143defa34cc8eb9d070b0a5ba4f13a0fa96a709e20584638254b317", size = 5156590 },
    { url = "https://files.pythonhosted.org/packages/f7/ec/fe2e91b2642b9d6544518388a441bcd65c904cea38d9ff998e2e8ebf808e/numpy-2.2.2-cp313-cp313t-macosx_14_0_x86_64.whl", hash = "sha256:7dca87ca328f5ea7dafc907c5ec100d187911f94825f8700caac0b3f4c384b49", size = 6671958 },
    { url = "https://files.pythonhosted.org/packages/b1/6f/6531a78e182f194d33ee17e59d67d03d0d5a1ce7f6be7343787828d1bd4a/numpy-2.2.2-cp313-cp313t-manylinux_2_17_aarch64.manylinux2014_aarch64.whl", hash = "sha256:0bc61b307655d1a7f9f4b043628b9f2b721e80839914ede634e3d485913e1fb2", size = 14019950 },
    { url = "https://files.pythonhosted.org/packages/e1/fb/13c58591d0b6294a08cc40fcc6b9552d239d773d520858ae27f39997f2ae/numpy-2.2.2-cp313-cp313t-manylinux_2_17_x86_64.manylinux2014_x86_64.whl", hash = "sha256:9fad446ad0bc886855ddf5909cbf8cb5d0faa637aaa6277fb4b19ade134ab3c7", size = 16079759 },
    { url = "https://files.pythonhosted.org/packages/2c/f2/f2f8edd62abb4b289f65a7f6d1f3650273af00b91b7267a2431be7f1aec6/numpy-2.2.2-cp313-cp313t-musllinux_1_2_aarch64.whl", hash = "sha256:149d1113ac15005652e8d0d3f6fd599360e1a708a4f98e43c9c77834a28238cb", size = 15226139 },
    { url = "https://files.pythonhosted.org/packages/aa/29/14a177f1a90b8ad8a592ca32124ac06af5eff32889874e53a308f850290f/numpy-2.2.2-cp313-cp313t-musllinux_1_2_x86_64.whl", hash = "sha256:106397dbbb1896f99e044efc90360d098b3335060375c26aa89c0d8a97c5f648", size = 17856316 },
    { url = "https://files.pythonhosted.org/packages/95/03/242ae8d7b97f4e0e4ab8dd51231465fb23ed5e802680d629149722e3faf1/numpy-2.2.2-cp313-cp313t-win32.whl", hash = "sha256:0eec19f8af947a61e968d5429f0bd92fec46d92b0008d0a6685b40d6adf8a4f4", size = 6329134 },
    { url = "https://files.pythonhosted.org/packages/80/94/cd9e9b04012c015cb6320ab3bf43bc615e248dddfeb163728e800a5d96f0/numpy-2.2.2-cp313-cp313t-win_amd64.whl", hash = "sha256:97b974d3ba0fb4612b77ed35d7627490e8e3dff56ab41454d9e8b23448940576", size = 12696208 },
]

[[package]]
name = "opencv-python"
version = "4.11.0.86"
source = { registry = "https://pypi.org/simple" }
dependencies = [
    { name = "numpy" },
]
sdist = { url = "https://files.pythonhosted.org/packages/17/06/68c27a523103dad5837dc5b87e71285280c4f098c60e4fe8a8db6486ab09/opencv-python-4.11.0.86.tar.gz", hash = "sha256:03d60ccae62304860d232272e4a4fda93c39d595780cb40b161b310244b736a4", size = 95171956 }
wheels = [
    { url = "https://files.pythonhosted.org/packages/05/4d/53b30a2a3ac1f75f65a59eb29cf2ee7207ce64867db47036ad61743d5a23/opencv_python-4.11.0.86-cp37-abi3-macosx_13_0_arm64.whl", hash = "sha256:432f67c223f1dc2824f5e73cdfcd9db0efc8710647d4e813012195dc9122a52a", size = 37326322 },
    { url = "https://files.pythonhosted.org/packages/3b/84/0a67490741867eacdfa37bc18df96e08a9d579583b419010d7f3da8ff503/opencv_python-4.11.0.86-cp37-abi3-macosx_13_0_x86_64.whl", hash = "sha256:9d05ef13d23fe97f575153558653e2d6e87103995d54e6a35db3f282fe1f9c66", size = 56723197 },
    { url = "https://files.pythonhosted.org/packages/f3/bd/29c126788da65c1fb2b5fb621b7fed0ed5f9122aa22a0868c5e2c15c6d23/opencv_python-4.11.0.86-cp37-abi3-manylinux_2_17_aarch64.manylinux2014_aarch64.whl", hash = "sha256:1b92ae2c8852208817e6776ba1ea0d6b1e0a1b5431e971a2a0ddd2a8cc398202", size = 42230439 },
    { url = "https://files.pythonhosted.org/packages/2c/8b/90eb44a40476fa0e71e05a0283947cfd74a5d36121a11d926ad6f3193cc4/opencv_python-4.11.0.86-cp37-abi3-manylinux_2_17_x86_64.manylinux2014_x86_64.whl", hash = "sha256:6b02611523803495003bd87362db3e1d2a0454a6a63025dc6658a9830570aa0d", size = 62986597 },
    { url = "https://files.pythonhosted.org/packages/fb/d7/1d5941a9dde095468b288d989ff6539dd69cd429dbf1b9e839013d21b6f0/opencv_python-4.11.0.86-cp37-abi3-win32.whl", hash = "sha256:810549cb2a4aedaa84ad9a1c92fbfdfc14090e2749cedf2c1589ad8359aa169b", size = 29384337 },
    { url = "https://files.pythonhosted.org/packages/a4/7d/f1c30a92854540bf789e9cd5dde7ef49bbe63f855b85a2e6b3db8135c591/opencv_python-4.11.0.86-cp37-abi3-win_amd64.whl", hash = "sha256:085ad9b77c18853ea66283e98affefe2de8cc4c1f43eda4c100cf9b2721142ec", size = 39488044 },
]

[[package]]
name = "picamera2"
version = "0.3.24"
source = { registry = "https://pypi.org/simple" }
dependencies = [
    { name = "av" },
    { name = "jsonschema" },
    { name = "libarchive-c" },
    { name = "numpy" },
    { name = "pidng" },
    { name = "piexif" },
    { name = "pillow" },
    { name = "python-prctl" },
    { name = "simplejpeg" },
    { name = "tqdm" },
    { name = "v4l2-python3" },
]
sdist = { url = "https://files.pythonhosted.org/packages/09/7e/fb6870a42f0c95be62db2d254013b204d37e22c2e0bce0b0ee6be496bc9c/picamera2-0.3.24.tar.gz", hash = "sha256:0fecd126ffb44735ddef31d831d27cd8189dbeca54bd3598607a1cc29f0d698d", size = 95345 }
wheels = [
    { url = "https://files.pythonhosted.org/packages/48/95/574c31b7411203e5a8641243b6430cf888509acb032c9e7419f50954bc99/picamera2-0.3.24-py3-none-any.whl", hash = "sha256:6a19d97fb65c6d975975f6a311cd0d0e2b2fe5382e3b274952828b7a210766ae", size = 113614 },
]

[[package]]
name = "pidng"
version = "4.0.9"
source = { registry = "https://pypi.org/simple" }
dependencies = [
    { name = "numpy" },
]
sdist = { url = "https://files.pythonhosted.org/packages/c0/65/2670c465c8a63a23eb3a5e5547262e247e1aa2d3889a0a6781da9109d5f7/pidng-4.0.9.tar.gz", hash = "sha256:560eb008086f8a715fd9e1ab998817a7d4c8500a7f161b9ce6af5ab27501f82c", size = 21907 }

[[package]]
name = "piexif"
version = "1.1.3"
source = { registry = "https://pypi.org/simple" }
sdist = { url = "https://files.pythonhosted.org/packages/fa/84/a3f25cec7d0922bf60be8000c9739d28d24b6896717f44cc4cfb843b1487/piexif-1.1.3.zip", hash = "sha256:83cb35c606bf3a1ea1a8f0a25cb42cf17e24353fd82e87ae3884e74a302a5f1b", size = 1011134 }
wheels = [
    { url = "https://files.pythonhosted.org/packages/2c/d8/6f63147dd73373d051c5eb049ecd841207f898f50a5a1d4378594178f6cf/piexif-1.1.3-py2.py3-none-any.whl", hash = "sha256:3bc435d171720150b81b15d27e05e54b8abbde7b4242cddd81ef160d283108b6", size = 20691 },
]

[[package]]
name = "pillow"
version = "11.1.0"
source = { registry = "https://pypi.org/simple" }
sdist = { url = "https://files.pythonhosted.org/packages/f3/af/c097e544e7bd278333db77933e535098c259609c4eb3b85381109602fb5b/pillow-11.1.0.tar.gz", hash = "sha256:368da70808b36d73b4b390a8ffac11069f8a5c85f29eff1f1b01bcf3ef5b2a20", size = 46742715 }
wheels = [
    { url = "https://files.pythonhosted.org/packages/b3/31/9ca79cafdce364fd5c980cd3416c20ce1bebd235b470d262f9d24d810184/pillow-11.1.0-cp313-cp313-macosx_10_13_x86_64.whl", hash = "sha256:ae98e14432d458fc3de11a77ccb3ae65ddce70f730e7c76140653048c71bfcbc", size = 3226640 },
    { url = "https://files.pythonhosted.org/packages/ac/0f/ff07ad45a1f172a497aa393b13a9d81a32e1477ef0e869d030e3c1532521/pillow-11.1.0-cp313-cp313-macosx_11_0_arm64.whl", hash = "sha256:cc1331b6d5a6e144aeb5e626f4375f5b7ae9934ba620c0ac6b3e43d5e683a0f0", size = 3101437 },
    { url = "https://files.pythonhosted.org/packages/08/2f/9906fca87a68d29ec4530be1f893149e0cb64a86d1f9f70a7cfcdfe8ae44/pillow-11.1.0-cp313-cp313-manylinux_2_17_aarch64.manylinux2014_aarch64.whl", hash = "sha256:758e9d4ef15d3560214cddbc97b8ef3ef86ce04d62ddac17ad39ba87e89bd3b1", size = 4326605 },
    { url = "https://files.pythonhosted.org/packages/b0/0f/f3547ee15b145bc5c8b336401b2d4c9d9da67da9dcb572d7c0d4103d2c69/pillow-11.1.0-cp313-cp313-manylinux_2_17_x86_64.manylinux2014_x86_64.whl", hash = "sha256:b523466b1a31d0dcef7c5be1f20b942919b62fd6e9a9be199d035509cbefc0ec", size = 4411173 },
    { url = "https://files.pythonhosted.org/packages/b1/df/bf8176aa5db515c5de584c5e00df9bab0713548fd780c82a86cba2c2fedb/pillow-11.1.0-cp313-cp313-manylinux_2_28_aarch64.whl", hash = "sha256:9044b5e4f7083f209c4e35aa5dd54b1dd5b112b108648f5c902ad586d4f945c5", size = 4369145 },
    { url = "https://files.pythonhosted.org/packages/de/7c/7433122d1cfadc740f577cb55526fdc39129a648ac65ce64db2eb7209277/pillow-11.1.0-cp313-cp313-manylinux_2_28_x86_64.whl", hash = "sha256:3764d53e09cdedd91bee65c2527815d315c6b90d7b8b79759cc48d7bf5d4f114", size = 4496340 },
    { url = "https://files.pythonhosted.org/packages/25/46/dd94b93ca6bd555588835f2504bd90c00d5438fe131cf01cfa0c5131a19d/pillow-11.1.0-cp313-cp313-musllinux_1_2_aarch64.whl", hash = "sha256:31eba6bbdd27dde97b0174ddf0297d7a9c3a507a8a1480e1e60ef914fe23d352", size = 4296906 },
    { url = "https://files.pythonhosted.org/packages/a8/28/2f9d32014dfc7753e586db9add35b8a41b7a3b46540e965cb6d6bc607bd2/pillow-11.1.0-cp313-cp313-musllinux_1_2_x86_64.whl", hash = "sha256:b5d658fbd9f0d6eea113aea286b21d3cd4d3fd978157cbf2447a6035916506d3", size = 4431759 },
    { url = "https://files.pythonhosted.org/packages/33/48/19c2cbe7403870fbe8b7737d19eb013f46299cdfe4501573367f6396c775/pillow-11.1.0-cp313-cp313-win32.whl", hash = "sha256:f86d3a7a9af5d826744fabf4afd15b9dfef44fe69a98541f666f66fbb8d3fef9", size = 2291657 },
    { url = "https://files.pythonhosted.org/packages/3b/ad/285c556747d34c399f332ba7c1a595ba245796ef3e22eae190f5364bb62b/pillow-11.1.0-cp313-cp313-win_amd64.whl", hash = "sha256:593c5fd6be85da83656b93ffcccc2312d2d149d251e98588b14fbc288fd8909c", size = 2626304 },
    { url = "https://files.pythonhosted.org/packages/e5/7b/ef35a71163bf36db06e9c8729608f78dedf032fc8313d19bd4be5c2588f3/pillow-11.1.0-cp313-cp313-win_arm64.whl", hash = "sha256:11633d58b6ee5733bde153a8dafd25e505ea3d32e261accd388827ee987baf65", size = 2375117 },
    { url = "https://files.pythonhosted.org/packages/79/30/77f54228401e84d6791354888549b45824ab0ffde659bafa67956303a09f/pillow-11.1.0-cp313-cp313t-macosx_10_13_x86_64.whl", hash = "sha256:70ca5ef3b3b1c4a0812b5c63c57c23b63e53bc38e758b37a951e5bc466449861", size = 3230060 },
    { url = "https://files.pythonhosted.org/packages/ce/b1/56723b74b07dd64c1010fee011951ea9c35a43d8020acd03111f14298225/pillow-11.1.0-cp313-cp313t-macosx_11_0_arm64.whl", hash = "sha256:8000376f139d4d38d6851eb149b321a52bb8893a88dae8ee7d95840431977081", size = 3106192 },
    { url = "https://files.pythonhosted.org/packages/e1/cd/7bf7180e08f80a4dcc6b4c3a0aa9e0b0ae57168562726a05dc8aa8fa66b0/pillow-11.1.0-cp313-cp313t-manylinux_2_17_x86_64.manylinux2014_x86_64.whl", hash = "sha256:9ee85f0696a17dd28fbcfceb59f9510aa71934b483d1f5601d1030c3c8304f3c", size = 4446805 },
    { url = "https://files.pythonhosted.org/packages/97/42/87c856ea30c8ed97e8efbe672b58c8304dee0573f8c7cab62ae9e31db6ae/pillow-11.1.0-cp313-cp313t-manylinux_2_28_x86_64.whl", hash = "sha256:dd0e081319328928531df7a0e63621caf67652c8464303fd102141b785ef9547", size = 4530623 },
    { url = "https://files.pythonhosted.org/packages/ff/41/026879e90c84a88e33fb00cc6bd915ac2743c67e87a18f80270dfe3c2041/pillow-11.1.0-cp313-cp313t-musllinux_1_2_x86_64.whl", hash = "sha256:e63e4e5081de46517099dc30abe418122f54531a6ae2ebc8680bcd7096860eab", size = 4465191 },
    { url = "https://files.pythonhosted.org/packages/e5/fb/a7960e838bc5df57a2ce23183bfd2290d97c33028b96bde332a9057834d3/pillow-11.1.0-cp313-cp313t-win32.whl", hash = "sha256:dda60aa465b861324e65a78c9f5cf0f4bc713e4309f83bc387be158b077963d9", size = 2295494 },
    { url = "https://files.pythonhosted.org/packages/d7/6c/6ec83ee2f6f0fda8d4cf89045c6be4b0373ebfc363ba8538f8c999f63fcd/pillow-11.1.0-cp313-cp313t-win_amd64.whl", hash = "sha256:ad5db5781c774ab9a9b2c4302bbf0c1014960a0a7be63278d13ae6fdf88126fe", size = 2631595 },
    { url = "https://files.pythonhosted.org/packages/cf/6c/41c21c6c8af92b9fea313aa47c75de49e2f9a467964ee33eb0135d47eb64/pillow-11.1.0-cp313-cp313t-win_arm64.whl", hash = "sha256:67cd427c68926108778a9005f2a04adbd5e67c442ed21d95389fe1d595458756", size = 2377651 },
]

[[package]]
name = "pyftdi"
version = "0.56.0"
source = { registry = "https://pypi.org/simple" }
dependencies = [
    { name = "pyserial" },
    { name = "pyusb" },
]
wheels = [
    { url = "https://files.pythonhosted.org/packages/5a/96/a8de7b7e5556d4b00d1ca1969fc34c89a1b6d177876c7a31d42631b090fc/pyftdi-0.56.0-py3-none-any.whl", hash = "sha256:3ef0baadbf9031dde9d623ae66fac2d16ded36ce1b66c17765ca1944cb38b8b0", size = 145718 },
]

[[package]]
name = "pyserial"
version = "3.5"
source = { registry = "https://pypi.org/simple" }
sdist = { url = "https://files.pythonhosted.org/packages/1e/7d/ae3f0a63f41e4d2f6cb66a5b57197850f919f59e558159a4dd3a818f5082/pyserial-3.5.tar.gz", hash = "sha256:3c77e014170dfffbd816e6ffc205e9842efb10be9f58ec16d3e8675b4925cddb", size = 159125 }
wheels = [
    { url = "https://files.pythonhosted.org/packages/07/bc/587a445451b253b285629263eb51c2d8e9bcea4fc97826266d186f96f558/pyserial-3.5-py2.py3-none-any.whl", hash = "sha256:c4451db6ba391ca6ca299fb3ec7bae67a5c55dde170964c7a14ceefec02f2cf0", size = 90585 },
]

[[package]]
name = "python-prctl"
version = "1.8.1"
source = { registry = "https://pypi.org/simple" }
sdist = { url = "https://files.pythonhosted.org/packages/c0/99/be5393cfe9c16376b4f515d90a68b11f1840143ac1890e9008bc176cf6a6/python-prctl-1.8.1.tar.gz", hash = "sha256:b4ca9a25a7d4f1ace4fffd1f3a2e64ef5208fe05f929f3edd5e27081ca7e67ce", size = 28033 }

[[package]]
name = "pyusb"
version = "1.3.1"
source = { registry = "https://pypi.org/simple" }
sdist = { url = "https://files.pythonhosted.org/packages/00/6b/ce3727395e52b7b76dfcf0c665e37d223b680b9becc60710d4bc08b7b7cb/pyusb-1.3.1.tar.gz", hash = "sha256:3af070b607467c1c164f49d5b0caabe8ac78dbed9298d703a8dbf9df4052d17e", size = 77281 }
wheels = [
    { url = "https://files.pythonhosted.org/packages/28/b8/27e6312e86408a44fe16bd28ee12dd98608b39f7e7e57884a24e8f29b573/pyusb-1.3.1-py3-none-any.whl", hash = "sha256:bf9b754557af4717fe80c2b07cc2b923a9151f5c08d17bdb5345dac09d6a0430", size = 58465 },
]

[[package]]
name = "referencing"
version = "0.36.2"
source = { registry = "https://pypi.org/simple" }
dependencies = [
    { name = "attrs" },
    { name = "rpds-py" },
]
sdist = { url = "https://files.pythonhosted.org/packages/2f/db/98b5c277be99dd18bfd91dd04e1b759cad18d1a338188c936e92f921c7e2/referencing-0.36.2.tar.gz", hash = "sha256:df2e89862cd09deabbdba16944cc3f10feb6b3e6f18e902f7cc25609a34775aa", size = 74744 }
wheels = [
    { url = "https://files.pythonhosted.org/packages/c1/b1/3baf80dc6d2b7bc27a95a67752d0208e410351e3feb4eb78de5f77454d8d/referencing-0.36.2-py3-none-any.whl", hash = "sha256:e8699adbbf8b5c7de96d8ffa0eb5c158b3beafce084968e2ea8bb08c6794dcd0", size = 26775 },
]

[[package]]
name = "rpds-py"
version = "0.22.3"
source = { registry = "https://pypi.org/simple" }
sdist = { url = "https://files.pythonhosted.org/packages/01/80/cce854d0921ff2f0a9fa831ba3ad3c65cee3a46711addf39a2af52df2cfd/rpds_py-0.22.3.tar.gz", hash = "sha256:e32fee8ab45d3c2db6da19a5323bc3362237c8b653c70194414b892fd06a080d", size = 26771 }
wheels = [
    { url = "https://files.pythonhosted.org/packages/d0/bf/36d5cc1f2c609ae6e8bf0fc35949355ca9d8790eceb66e6385680c951e60/rpds_py-0.22.3-cp313-cp313-macosx_10_12_x86_64.whl", hash = "sha256:ea7433ce7e4bfc3a85654aeb6747babe3f66eaf9a1d0c1e7a4435bbdf27fea84", size = 351657 },
    { url = "https://files.pythonhosted.org/packages/24/2a/f1e0fa124e300c26ea9382e59b2d582cba71cedd340f32d1447f4f29fa4e/rpds_py-0.22.3-cp313-cp313-macosx_11_0_arm64.whl", hash = "sha256:6dd9412824c4ce1aca56c47b0991e65bebb7ac3f4edccfd3f156150c96a7bf25", size = 341829 },
    { url = "https://files.pythonhosted.org/packages/cf/c2/0da1231dd16953845bed60d1a586fcd6b15ceaeb965f4d35cdc71f70f606/rpds_py-0.22.3-cp313-cp313-manylinux_2_17_aarch64.manylinux2014_aarch64.whl", hash = "sha256:20070c65396f7373f5df4005862fa162db5d25d56150bddd0b3e8214e8ef45b4", size = 384220 },
    { url = "https://files.pythonhosted.org/packages/c7/73/a4407f4e3a00a9d4b68c532bf2d873d6b562854a8eaff8faa6133b3588ec/rpds_py-0.22.3-cp313-cp313-manylinux_2_17_armv7l.manylinux2014_armv7l.whl", hash = "sha256:0b09865a9abc0ddff4e50b5ef65467cd94176bf1e0004184eb915cbc10fc05c5", size = 391009 },
    { url = "https://files.pythonhosted.org/packages/a9/c3/04b7353477ab360fe2563f5f0b176d2105982f97cd9ae80a9c5a18f1ae0f/rpds_py-0.22.3-cp313-cp313-manylinux_2_17_ppc64le.manylinux2014_ppc64le.whl", hash = "sha256:3453e8d41fe5f17d1f8e9c383a7473cd46a63661628ec58e07777c2fff7196dc", size = 426989 },
    { url = "https://files.pythonhosted.org/packages/8d/e6/e4b85b722bcf11398e17d59c0f6049d19cd606d35363221951e6d625fcb0/rpds_py-0.22.3-cp313-cp313-manylinux_2_17_s390x.manylinux2014_s390x.whl", hash = "sha256:f5d36399a1b96e1a5fdc91e0522544580dbebeb1f77f27b2b0ab25559e103b8b", size = 441544 },
    { url = "https://files.pythonhosted.org/packages/27/fc/403e65e56f65fff25f2973216974976d3f0a5c3f30e53758589b6dc9b79b/rpds_py-0.22.3-cp313-cp313-manylinux_2_17_x86_64.manylinux2014_x86_64.whl", hash = "sha256:009de23c9c9ee54bf11303a966edf4d9087cd43a6003672e6aa7def643d06518", size = 385179 },
    { url = "https://files.pythonhosted.org/packages/57/9b/2be9ff9700d664d51fd96b33d6595791c496d2778cb0b2a634f048437a55/rpds_py-0.22.3-cp313-cp313-manylinux_2_5_i686.manylinux1_i686.whl", hash = "sha256:1aef18820ef3e4587ebe8b3bc9ba6e55892a6d7b93bac6d29d9f631a3b4befbd", size = 415103 },
    { url = "https://files.pythonhosted.org/packages/bb/a5/03c2ad8ca10994fcf22dd2150dd1d653bc974fa82d9a590494c84c10c641/rpds_py-0.22.3-cp313-cp313-musllinux_1_2_aarch64.whl", hash = "sha256:f60bd8423be1d9d833f230fdbccf8f57af322d96bcad6599e5a771b151398eb2", size = 560916 },
    { url = "https://files.pythonhosted.org/packages/ba/2e/be4fdfc8b5b576e588782b56978c5b702c5a2307024120d8aeec1ab818f0/rpds_py-0.22.3-cp313-cp313-musllinux_1_2_i686.whl", hash = "sha256:62d9cfcf4948683a18a9aff0ab7e1474d407b7bab2ca03116109f8464698ab16", size = 587062 },
    { url = "https://files.pythonhosted.org/packages/67/e0/2034c221937709bf9c542603d25ad43a68b4b0a9a0c0b06a742f2756eb66/rpds_py-0.22.3-cp313-cp313-musllinux_1_2_x86_64.whl", hash = "sha256:9253fc214112405f0afa7db88739294295f0e08466987f1d70e29930262b4c8f", size = 555734 },
    { url = "https://files.pythonhosted.org/packages/ea/ce/240bae07b5401a22482b58e18cfbabaa392409b2797da60223cca10d7367/rpds_py-0.22.3-cp313-cp313-win32.whl", hash = "sha256:fb0ba113b4983beac1a2eb16faffd76cb41e176bf58c4afe3e14b9c681f702de", size = 220663 },
    { url = "https://files.pythonhosted.org/packages/cb/f0/d330d08f51126330467edae2fa4efa5cec8923c87551a79299380fdea30d/rpds_py-0.22.3-cp313-cp313-win_amd64.whl", hash = "sha256:c58e2339def52ef6b71b8f36d13c3688ea23fa093353f3a4fee2556e62086ec9", size = 235503 },
    { url = "https://files.pythonhosted.org/packages/f7/c4/dbe1cc03df013bf2feb5ad00615038050e7859f381e96fb5b7b4572cd814/rpds_py-0.22.3-cp313-cp313t-macosx_10_12_x86_64.whl", hash = "sha256:f82a116a1d03628a8ace4859556fb39fd1424c933341a08ea3ed6de1edb0283b", size = 347698 },
    { url = "https://files.pythonhosted.org/packages/a4/3a/684f66dd6b0f37499cad24cd1c0e523541fd768576fa5ce2d0a8799c3cba/rpds_py-0.22.3-cp313-cp313t-macosx_11_0_arm64.whl", hash = "sha256:3dfcbc95bd7992b16f3f7ba05af8a64ca694331bd24f9157b49dadeeb287493b", size = 337330 },
    { url = "https://files.pythonhosted.org/packages/82/eb/e022c08c2ce2e8f7683baa313476492c0e2c1ca97227fe8a75d9f0181e95/rpds_py-0.22.3-cp313-cp313t-manylinux_2_17_aarch64.manylinux2014_aarch64.whl", hash = "sha256:59259dc58e57b10e7e18ce02c311804c10c5a793e6568f8af4dead03264584d1", size = 380022 },
    { url = "https://files.pythonhosted.org/packages/e4/21/5a80e653e4c86aeb28eb4fea4add1f72e1787a3299687a9187105c3ee966/rpds_py-0.22.3-cp313-cp313t-manylinux_2_17_armv7l.manylinux2014_armv7l.whl", hash = "sha256:5725dd9cc02068996d4438d397e255dcb1df776b7ceea3b9cb972bdb11260a83", size = 390754 },
    { url = "https://files.pythonhosted.org/packages/37/a4/d320a04ae90f72d080b3d74597074e62be0a8ecad7d7321312dfe2dc5a6a/rpds_py-0.22.3-cp313-cp313t-manylinux_2_17_ppc64le.manylinux2014_ppc64le.whl", hash = "sha256:99b37292234e61325e7a5bb9689e55e48c3f5f603af88b1642666277a81f1fbd", size = 423840 },
    { url = "https://files.pythonhosted.org/packages/87/70/674dc47d93db30a6624279284e5631be4c3a12a0340e8e4f349153546728/rpds_py-0.22.3-cp313-cp313t-manylinux_2_17_s390x.manylinux2014_s390x.whl", hash = "sha256:27b1d3b3915a99208fee9ab092b8184c420f2905b7d7feb4aeb5e4a9c509b8a1", size = 438970 },
    { url = "https://files.pythonhosted.org/packages/3f/64/9500f4d66601d55cadd21e90784cfd5d5f4560e129d72e4339823129171c/rpds_py-0.22.3-cp313-cp313t-manylinux_2_17_x86_64.manylinux2014_x86_64.whl", hash = "sha256:f612463ac081803f243ff13cccc648578e2279295048f2a8d5eb430af2bae6e3", size = 383146 },
    { url = "https://files.pythonhosted.org/packages/4d/45/630327addb1d17173adcf4af01336fd0ee030c04798027dfcb50106001e0/rpds_py-0.22.3-cp313-cp313t-manylinux_2_5_i686.manylinux1_i686.whl", hash = "sha256:f73d3fef726b3243a811121de45193c0ca75f6407fe66f3f4e183c983573e130", size = 408294 },
    { url = "https://files.pythonhosted.org/packages/5f/ef/8efb3373cee54ea9d9980b772e5690a0c9e9214045a4e7fa35046e399fee/rpds_py-0.22.3-cp313-cp313t-musllinux_1_2_aarch64.whl", hash = "sha256:3f21f0495edea7fdbaaa87e633a8689cd285f8f4af5c869f27bc8074638ad69c", size = 556345 },
    { url = "https://files.pythonhosted.org/packages/54/01/151d3b9ef4925fc8f15bfb131086c12ec3c3d6dd4a4f7589c335bf8e85ba/rpds_py-0.22.3-cp313-cp313t-musllinux_1_2_i686.whl", hash = "sha256:1e9663daaf7a63ceccbbb8e3808fe90415b0757e2abddbfc2e06c857bf8c5e2b", size = 582292 },
    { url = "https://files.pythonhosted.org/packages/30/89/35fc7a6cdf3477d441c7aca5e9bbf5a14e0f25152aed7f63f4e0b141045d/rpds_py-0.22.3-cp313-cp313t-musllinux_1_2_x86_64.whl", hash = "sha256:a76e42402542b1fae59798fab64432b2d015ab9d0c8c47ba7addddbaf7952333", size = 553855 },
    { url = "https://files.pythonhosted.org/packages/8f/e0/830c02b2457c4bd20a8c5bb394d31d81f57fbefce2dbdd2e31feff4f7003/rpds_py-0.22.3-cp313-cp313t-win32.whl", hash = "sha256:69803198097467ee7282750acb507fba35ca22cc3b85f16cf45fb01cb9097730", size = 219100 },
    { url = "https://files.pythonhosted.org/packages/f8/30/7ac943f69855c2db77407ae363484b915d861702dbba1aa82d68d57f42be/rpds_py-0.22.3-cp313-cp313t-win_amd64.whl", hash = "sha256:f5cf2a0c2bdadf3791b5c205d55a37a54025c6e18a71c71f82bb536cf9a454bf", size = 233794 },
]

[[package]]
name = "simplejpeg"
version = "1.7.6"
source = { registry = "https://pypi.org/simple" }
dependencies = [
    { name = "numpy" },
]
sdist = { url = "https://files.pythonhosted.org/packages/a8/7f/48ed799e98f96a853cf903899880632f8a96a94de895db4f98a45309c13a/simplejpeg-1.7.6.tar.gz", hash = "sha256:89ea4784eaa09edd11b0caded9c40326c4872ba9232ff1705d5b732492e7aca8", size = 5793293 }
wheels = [
    { url = "https://files.pythonhosted.org/packages/b1/43/4baf44c50e503d01087f628fd365d28eface2c8084479369dc7730f1f598/simplejpeg-1.7.6-cp313-cp313-macosx_10_13_x86_64.whl", hash = "sha256:dfe768fb8b79253a3c9f49b86760f4c1c48c98870113856c98c37865c7ae8ae5", size = 492345 },
    { url = "https://files.pythonhosted.org/packages/c0/68/ccc77aff0b6a8d6547712417aac3631ee74474f6547a17d7dea95be0606e/simplejpeg-1.7.6-cp313-cp313-macosx_11_0_arm64.whl", hash = "sha256:8505a335fd4bc92e46d9b97f51780a1ba782780fdd9036cc68e1a248a08f9e7c", size = 428999 },
    { url = "https://files.pythonhosted.org/packages/39/d0/5a204419a6eec6e988979f9750af7d59feae5618ec72a4a996c9339d6e7f/simplejpeg-1.7.6-cp313-cp313-manylinux_2_17_aarch64.manylinux2014_aarch64.whl", hash = "sha256:4b19f967d0b3aa7d8294a1ddc103d269f53044f9827068b5a2b98c7197003c92", size = 429078 },
    { url = "https://files.pythonhosted.org/packages/f1/85/a6bb8773d431cd96e28b923c3d6795d1e18a93aa3a5b147e158cf6a6fc98/simplejpeg-1.7.6-cp313-cp313-manylinux_2_17_x86_64.manylinux2014_x86_64.whl", hash = "sha256:b03f6dc376a139473704955503b64582d289335b09f267c2097451aad3224c8a", size = 405822 },
    { url = "https://files.pythonhosted.org/packages/a8/5e/0a6238d987af2953ae7c1fb5d51b6f945f85846fb39642343ac1656f93ae/simplejpeg-1.7.6-cp313-cp313-win_amd64.whl", hash = "sha256:635a3bb01ccc330ea8672bf451805641525c37a60769124705280ad5ccb726cc", size = 295691 },
]

[[package]]
name = "sysv-ipc"
version = "1.1.0"
source = { registry = "https://pypi.org/simple" }
sdist = { url = "https://files.pythonhosted.org/packages/0c/d7/5d2f861155e9749f981e6c58f2a482d3ab458bf8c35ae24d4b4d5899ebf9/sysv_ipc-1.1.0.tar.gz", hash = "sha256:0f063cbd36ec232032e425769ebc871f195a7d183b9af32f9901589ea7129ac3", size = 99448 }

[[package]]
name = "tqdm"
version = "4.67.1"
source = { registry = "https://pypi.org/simple" }
dependencies = [
    { name = "colorama", marker = "sys_platform == 'win32'" },
]
sdist = { url = "https://files.pythonhosted.org/packages/a8/4b/29b4ef32e036bb34e4ab51796dd745cdba7ed47ad142a9f4a1eb8e0c744d/tqdm-4.67.1.tar.gz", hash = "sha256:f8aef9c52c08c13a65f30ea34f4e5aac3fd1a34959879d7e59e63027286627f2", size = 169737 }
wheels = [
    { url = "https://files.pythonhosted.org/packages/d0/30/dc54f88dd4a2b5dc8a0279bdd7270e735851848b762aeb1c1184ed1f6b14/tqdm-4.67.1-py3-none-any.whl", hash = "sha256:26445eca388f82e72884e0d580d5464cd801a3ea01e63e5601bdff9ba6a48de2", size = 78540 },
]

[[package]]
name = "typing-extensions"
version = "4.12.2"
source = { registry = "https://pypi.org/simple" }
sdist = { url = "https://files.pythonhosted.org/packages/df/db/f35a00659bc03fec321ba8bce9420de607a1d37f8342eee1863174c69557/typing_extensions-4.12.2.tar.gz", hash = "sha256:1a7ead55c7e559dd4dee8856e3a88b41225abfe1ce8df57b7c13915fe121ffb8", size = 85321 }
wheels = [
    { url = "https://files.pythonhosted.org/packages/26/9f/ad63fc0248c5379346306f8668cda6e2e2e9c95e01216d2b8ffd9ff037d0/typing_extensions-4.12.2-py3-none-any.whl", hash = "sha256:04e5ca0351e0f3f85c6853954072df659d0d13fac324d0072316b67d7794700d", size = 37438 },
]

[[package]]
name = "v4l2-python3"
version = "0.3.5"
source = { registry = "https://pypi.org/simple" }
sdist = { url = "https://files.pythonhosted.org/packages/7a/d3/fa1e69c4f1902772e385660008d0b6f7108cc6de1365cc2aea680d34af2a/v4l2-python3-0.3.5.tar.gz", hash = "sha256:e7e24739c1816d64a82929b81781ada4e5640974157a39585ad2e02dfdb102fd", size = 26696 }
wheels = [
    { url = "https://files.pythonhosted.org/packages/5e/1b/cb6083c07c8e87d657069526cfb09a8203af7a83e6d4445a943cc90523d0/v4l2_python3-0.3.5-py3-none-any.whl", hash = "sha256:5a6f88c0b5101dd11c6093599adb75d0d42179cf8e9789925f201338294c1f54", size = 22624 },
]

[[package]]
name = "wavebot"
version = "0.1.0"
source = { virtual = "." }
dependencies = [
    { name = "adafruit-circuitpython-servokit" },
    { name = "numpy" },
    { name = "opencv-python" },
    { name = "picamera2" },
]

[package.metadata]
requires-dist = [
    { name = "adafruit-circuitpython-servokit", specifier = ">=1.3.19" },
    { name = "numpy", specifier = ">=2.2.2" },
    { name = "opencv-python", specifier = ">=4.11.0.86" },
    { name = "picamera2", specifier = ">=0.3.24" },
]
